
Microsoft Visual Studio Solution File, Format Version 12.00
# Visual Studio Version 17
VisualStudioVersion = 17.8.34408.163
MinimumVisualStudioVersion = 10.0.40219.1
Project("{8BC9CEB8-8B4A-11D0-8D11-00A0C91BC942}") = "Homework 1-Questions 2-5 - AERSP 424", "Homework 1-Questions 2-5 - AERSP 424\Homework 1-Questions 2-5 - AERSP 424.vcxproj", "{DCC44E9A-EF25-4D29-A5DA-6B3FAED2D691}"
EndProject
Global
	GlobalSection(SolutionConfigurationPlatforms) = preSolution
		Debug|x64 = Debug|x64
		Debug|x86 = Debug|x86
		Release|x64 = Release|x64
		Release|x86 = Release|x86
	EndGlobalSection
	GlobalSection(ProjectConfigurationPlatforms) = postSolution
		{DCC44E9A-EF25-4D29-A5DA-6B3FAED2D691}.Debug|x64.ActiveCfg = Debug|x64
		{DCC44E9A-EF25-4D29-A5DA-6B3FAED2D691}.Debug|x64.Build.0 = Debug|x64
		{DCC44E9A-EF25-4D29-A5DA-6B3FAED2D691}.Debug|x86.ActiveCfg = Debug|Win32
		{DCC44E9A-EF25-4D29-A5DA-6B3FAED2D691}.Debug|x86.Build.0 = Debug|Win32
		{DCC44E9A-EF25-4D29-A5DA-6B3FAED2D691}.Release|x64.ActiveCfg = Release|x64
		{DCC44E9A-EF25-4D29-A5DA-6B3FAED2D691}.Release|x64.Build.0 = Release|x64
		{DCC44E9A-EF25-4D29-A5DA-6B3FAED2D691}.Release|x86.ActiveCfg = Release|Win32
		{DCC44E9A-EF25-4D29-A5DA-6B3FAED2D691}.Release|x86.Build.0 = Release|Win32
	EndGlobalSection
	GlobalSection(SolutionProperties) = preSolution
		HideSolutionNode = FALSE
	EndGlobalSection
	GlobalSection(ExtensibilityGlobals) = postSolution
		SolutionGuid = {EDFF22BA-0D30-4B0E-A79C-FC76CDA2AACB}
	EndGlobalSection
EndGlobal
